// !$*UTF8*$!
{
	archiveVersion = 1;
	classes = {
	};
	objectVersion = 55;
	objects = {

/* Begin PBXBuildFile section */
		100AEC0C27B100A300D5EBD0 /* CovidDetailViewController.swift in Sources */ = {isa = PBXBuildFile; fileRef = 100AEC0B27B100A300D5EBD0 /* CovidDetailViewController.swift */; };
		100AEC1027B1040900D5EBD0 /* CityCovidOverview.swift in Sources */ = {isa = PBXBuildFile; fileRef = 100AEC0F27B1040900D5EBD0 /* CityCovidOverview.swift */; };
		10CC206D27B01EB9003C83AE /* AppDelegate.swift in Sources */ = {isa = PBXBuildFile; fileRef = 10CC206C27B01EB9003C83AE /* AppDelegate.swift */; };
		10CC206F27B01EB9003C83AE /* SceneDelegate.swift in Sources */ = {isa = PBXBuildFile; fileRef = 10CC206E27B01EB9003C83AE /* SceneDelegate.swift */; };
		10CC207127B01EB9003C83AE /* ViewController.swift in Sources */ = {isa = PBXBuildFile; fileRef = 10CC207027B01EB9003C83AE /* ViewController.swift */; };
		10CC207427B01EB9003C83AE /* Main.storyboard in Resources */ = {isa = PBXBuildFile; fileRef = 10CC207227B01EB9003C83AE /* Main.storyboard */; };
		10CC207627B01EBA003C83AE /* Assets.xcassets in Resources */ = {isa = PBXBuildFile; fileRef = 10CC207527B01EBA003C83AE /* Assets.xcassets */; };
		10CC207927B01EBA003C83AE /* LaunchScreen.storyboard in Resources */ = {isa = PBXBuildFile; fileRef = 10CC207727B01EBA003C83AE /* LaunchScreen.storyboard */; };
		A1DB2B85CDB46CE6536C3D5B /* Pods_COVID19.framework in Frameworks */ = {isa = PBXBuildFile; fileRef = 6E8B68003741737F844322DC /* Pods_COVID19.framework */; };
/* End PBXBuildFile section */

/* Begin PBXFileReference section */
		100AEC0B27B100A300D5EBD0 /* CovidDetailViewController.swift */ = {isa = PBXFileReference; lastKnownFileType = sourcecode.swift; path = CovidDetailViewController.swift; sourceTree = "<group>"; };
		100AEC0F27B1040900D5EBD0 /* CityCovidOverview.swift */ = {isa = PBXFileReference; lastKnownFileType = sourcecode.swift; path = CityCovidOverview.swift; sourceTree = "<group>"; };
		10CC206927B01EB9003C83AE /* COVID19.app */ = {isa = PBXFileReference; explicitFileType = wrapper.application; includeInIndex = 0; path = COVID19.app; sourceTree = BUILT_PRODUCTS_DIR; };
		10CC206C27B01EB9003C83AE /* AppDelegate.swift */ = {isa = PBXFileReference; lastKnownFileType = sourcecode.swift; path = AppDelegate.swift; sourceTree = "<group>"; };
		10CC206E27B01EB9003C83AE /* SceneDelegate.swift */ = {isa = PBXFileReference; lastKnownFileType = sourcecode.swift; path = SceneDelegate.swift; sourceTree = "<group>"; };
		10CC207027B01EB9003C83AE /* ViewController.swift */ = {isa = PBXFileReference; lastKnownFileType = sourcecode.swift; path = ViewController.swift; sourceTree = "<group>"; };
		10CC207327B01EB9003C83AE /* Base */ = {isa = PBXFileReference; lastKnownFileType = file.storyboard; name = Base; path = Base.lproj/Main.storyboard; sourceTree = "<group>"; };
		10CC207527B01EBA003C83AE /* Assets.xcassets */ = {isa = PBXFileReference; lastKnownFileType = folder.assetcatalog; path = Assets.xcassets; sourceTree = "<group>"; };
		10CC207827B01EBA003C83AE /* Base */ = {isa = PBXFileReference; lastKnownFileType = file.storyboard; name = Base; path = Base.lproj/LaunchScreen.storyboard; sourceTree = "<group>"; };
		10CC207A27B01EBA003C83AE /* Info.plist */ = {isa = PBXFileReference; lastKnownFileType = text.plist.xml; path = Info.plist; sourceTree = "<group>"; };
		3E08073C26AD6F589FE77A46 /* Pods-COVID19.debug.xcconfig */ = {isa = PBXFileReference; includeInIndex = 1; lastKnownFileType = text.xcconfig; name = "Pods-COVID19.debug.xcconfig"; path = "Target Support Files/Pods-COVID19/Pods-COVID19.debug.xcconfig"; sourceTree = "<group>"; };
		6521C2600DE38E26C825E925 /* Pods-COVID19.release.xcconfig */ = {isa = PBXFileReference; includeInIndex = 1; lastKnownFileType = text.xcconfig; name = "Pods-COVID19.release.xcconfig"; path = "Target Support Files/Pods-COVID19/Pods-COVID19.release.xcconfig"; sourceTree = "<group>"; };
		6E8B68003741737F844322DC /* Pods_COVID19.framework */ = {isa = PBXFileReference; explicitFileType = wrapper.framework; includeInIndex = 0; path = Pods_COVID19.framework; sourceTree = BUILT_PRODUCTS_DIR; };
/* End PBXFileReference section */

/* Begin PBXFrameworksBuildPhase section */
		10CC206627B01EB9003C83AE /* Frameworks */ = {
			isa = PBXFrameworksBuildPhase;
			buildActionMask = 2147483647;
			files = (
				A1DB2B85CDB46CE6536C3D5B /* Pods_COVID19.framework in Frameworks */,
			);
			runOnlyForDeploymentPostprocessing = 0;
		};
/* End PBXFrameworksBuildPhase section */

/* Begin PBXGroup section */
		10CC206027B01EB9003C83AE = {
			isa = PBXGroup;
			children = (
				10CC206B27B01EB9003C83AE /* COVID19 */,
				10CC206A27B01EB9003C83AE /* Products */,
				D228B3F7200EE54F86A18941 /* Pods */,
				36A4E12A712E6D737C468728 /* Frameworks */,
			);
			sourceTree = "<group>";
		};
		10CC206A27B01EB9003C83AE /* Products */ = {
			isa = PBXGroup;
			children = (
				10CC206927B01EB9003C83AE /* COVID19.app */,
			);
			name = Products;
			sourceTree = "<group>";
		};
		10CC206B27B01EB9003C83AE /* COVID19 */ = {
			isa = PBXGroup;
			children = (
				10CC206C27B01EB9003C83AE /* AppDelegate.swift */,
				10CC206E27B01EB9003C83AE /* SceneDelegate.swift */,
				10CC207027B01EB9003C83AE /* ViewController.swift */,
				10CC207227B01EB9003C83AE /* Main.storyboard */,
				10CC207527B01EBA003C83AE /* Assets.xcassets */,
				10CC207727B01EBA003C83AE /* LaunchScreen.storyboard */,
				10CC207A27B01EBA003C83AE /* Info.plist */,
				100AEC0B27B100A300D5EBD0 /* CovidDetailViewController.swift */,
				100AEC0F27B1040900D5EBD0 /* CityCovidOverview.swift */,
			);
			path = COVID19;
			sourceTree = "<group>";
		};
		36A4E12A712E6D737C468728 /* Frameworks */ = {
			isa = PBXGroup;
			children = (
				6E8B68003741737F844322DC /* Pods_COVID19.framework */,
			);
			name = Frameworks;
			sourceTree = "<group>";
		};
		D228B3F7200EE54F86A18941 /* Pods */ = {
			isa = PBXGroup;
			children = (
				3E08073C26AD6F589FE77A46 /* Pods-COVID19.debug.xcconfig */,
				6521C2600DE38E26C825E925 /* Pods-COVID19.release.xcconfig */,
			);
			path = Pods;
			sourceTree = "<group>";
		};
/* End PBXGroup section */

/* Begin PBXNativeTarget section */
		10CC206827B01EB9003C83AE /* COVID19 */ = {
			isa = PBXNativeTarget;
			buildConfigurationList = 10CC207D27B01EBA003C83AE /* Build configuration list for PBXNativeTarget "COVID19" */;
			buildPhases = (
				9241E505609CF9F50B89759A /* [CP] Check Pods Manifest.lock */,
				10CC206527B01EB9003C83AE /* Sources */,
				10CC206627B01EB9003C83AE /* Frameworks */,
				10CC206727B01EB9003C83AE /* Resources */,
				2A902D7A024D0C7513090971 /* [CP] Embed Pods Frameworks */,
			);
			buildRules = (
			);
			dependencies = (
			);
			name = COVID19;
			productName = COVID19;
			productReference = 10CC206927B01EB9003C83AE /* COVID19.app */;
			productType = "com.apple.product-type.application";
		};
/* End PBXNativeTarget section */

/* Begin PBXProject section */
		10CC206127B01EB9003C83AE /* Project object */ = {
			isa = PBXProject;
			attributes = {
				BuildIndependentTargetsInParallel = 1;
				LastSwiftUpdateCheck = 1320;
				LastUpgradeCheck = 1320;
				TargetAttributes = {
					10CC206827B01EB9003C83AE = {
						CreatedOnToolsVersion = 13.2.1;
					};
				};
			};
			buildConfigurationList = 10CC206427B01EB9003C83AE /* Build configuration list for PBXProject "COVID19" */;
			compatibilityVersion = "Xcode 13.0";
			developmentRegion = en;
			hasScannedForEncodings = 0;
			knownRegions = (
				en,
				Base,
			);
			mainGroup = 10CC206027B01EB9003C83AE;
			productRefGroup = 10CC206A27B01EB9003C83AE /* Products */;
			projectDirPath = "";
			projectRoot = "";
			targets = (
				10CC206827B01EB9003C83AE /* COVID19 */,
			);
		};
/* End PBXProject section */

/* Begin PBXResourcesBuildPhase section */
		10CC206727B01EB9003C83AE /* Resources */ = {
			isa = PBXResourcesBuildPhase;
			buildActionMask = 2147483647;
			files = (
				10CC207927B01EBA003C83AE /* LaunchScreen.storyboard in Resources */,
				10CC207627B01EBA003C83AE /* Assets.xcassets in Resources */,
				10CC207427B01EB9003C83AE /* Main.storyboard in Resources */,
			);
			runOnlyForDeploymentPostprocessing = 0;
		};
/* End PBXResourcesBuildPhase section */

/* Begin PBXShellScriptBuildPhase section */
		2A902D7A024D0C7513090971 /* [CP] Embed Pods Frameworks */ = {
			isa = PBXShellScriptBuildPhase;
			buildActionMask = 2147483647;
			files = (
			);
			inputFileListPaths = (
				"${PODS_ROOT}/Target Support Files/Pods-COVID19/Pods-COVID19-frameworks-${CONFIGURATION}-input-files.xcfilelist",
			);
			name = "[CP] Embed Pods Frameworks";
			outputFileListPaths = (
				"${PODS_ROOT}/Target Support Files/Pods-COVID19/Pods-COVID19-frameworks-${CONFIGURATION}-output-files.xcfilelist",
			);
			runOnlyForDeploymentPostprocessing = 0;
			shellPath = /bin/sh;
			shellScript = "\"${PODS_ROOT}/Target Support Files/Pods-COVID19/Pods-COVID19-frameworks.sh\"\n";
			showEnvVarsInLog = 0;
		};
		9241E505609CF9F50B89759A /* [CP] Check Pods Manifest.lock */ = {
			isa = PBXShellScriptBuildPhase;
			buildActionMask = 2147483647;
			files = (
			);
			inputFileListPaths = (
			);
			inputPaths = (
				"${PODS_PODFILE_DIR_PATH}/Podfile.lock",
				"${PODS_ROOT}/Manifest.lock",
			);
			name = "[CP] Check Pods Manifest.lock";
			outputFileListPaths = (
			);
			outputPaths = (
				"$(DERIVED_FILE_DIR)/Pods-COVID19-checkManifestLockResult.txt",
			);
			runOnlyForDeploymentPostprocessing = 0;
			shellPath = /bin/sh;
			shellScript = "diff \"${PODS_PODFILE_DIR_PATH}/Podfile.lock\" \"${PODS_ROOT}/Manifest.lock\" > /dev/null\nif [ $? != 0 ] ; then\n    # print error to STDERR\n    echo \"error: The sandbox is not in sync with the Podfile.lock. Run 'pod install' or update your CocoaPods installation.\" >&2\n    exit 1\nfi\n# This output is used by Xcode 'outputs' to avoid re-running this script phase.\necho \"SUCCESS\" > \"${SCRIPT_OUTPUT_FILE_0}\"\n";
			showEnvVarsInLog = 0;
		};
/* End PBXShellScriptBuildPhase section */

/* Begin PBXSourcesBuildPhase section */
		10CC206527B01EB9003C83AE /* Sources */ = {
			isa = PBXSourcesBuildPhase;
			buildActionMask = 2147483647;
			files = (
				10CC207127B01EB9003C83AE /* ViewController.swift in Sources */,
				100AEC0C27B100A300D5EBD0 /* CovidDetailViewController.swift in Sources */,
				10CC206D27B01EB9003C83AE /* AppDelegate.swift in Sources */,
				100AEC1027B1040900D5EBD0 /* CityCovidOverview.swift in Sources */,
				10CC206F27B01EB9003C83AE /* SceneDelegate.swift in Sources */,
			);
			runOnlyForDeploymentPostprocessing = 0;
		};
/* End PBXSourcesBuildPhase section */

/* Begin PBXVariantGroup section */
		10CC207227B01EB9003C83AE /* Main.storyboard */ = {
			isa = PBXVariantGroup;
			children = (
				10CC207327B01EB9003C83AE /* Base */,
			);
			name = Main.storyboard;
			sourceTree = "<group>";
		};
		10CC207727B01EBA003C83AE /* LaunchScreen.storyboard */ = {
			isa = PBXVariantGroup;
			children = (
				10CC207827B01EBA003C83AE /* Base */,
			);
			name = LaunchScreen.storyboard;
			sourceTree = "<group>";
		};
/* End PBXVariantGroup section */

/* Begin XCBuildConfiguration section */
		10CC207B27B01EBA003C83AE /* Debug */ = {
			isa = XCBuildConfiguration;
			buildSettings = {
				ALWAYS_SEARCH_USER_PATHS = NO;
				CLANG_ANALYZER_NONNULL = YES;
				CLANG_ANALYZER_NUMBER_OBJECT_CONVERSION = YES_AGGRESSIVE;
				CLANG_CXX_LANGUAGE_STANDARD = "gnu++17";
				CLANG_CXX_LIBRARY = "libc++";
				CLANG_ENABLE_MODULES = YES;
				CLANG_ENABLE_OBJC_ARC = YES;
				CLANG_ENABLE_OBJC_WEAK = YES;
				CLANG_WARN_BLOCK_CAPTURE_AUTORELEASING = YES;
				CLANG_WARN_BOOL_CONVERSION = YES;
				CLANG_WARN_COMMA = YES;
				CLANG_WARN_CONSTANT_CONVERSION = YES;
				CLANG_WARN_DEPRECATED_OBJC_IMPLEMENTATIONS = YES;
				CLANG_WARN_DIRECT_OBJC_ISA_USAGE = YES_ERROR;
				CLANG_WARN_DOCUMENTATION_COMMENTS = YES;
				CLANG_WARN_EMPTY_BODY = YES;
				CLANG_WARN_ENUM_CONVERSION = YES;
				CLANG_WARN_INFINITE_RECURSION = YES;
				CLANG_WARN_INT_CONVERSION = YES;
				CLANG_WARN_NON_LITERAL_NULL_CONVERSION = YES;
				CLANG_WARN_OBJC_IMPLICIT_RETAIN_SELF = YES;
				CLANG_WARN_OBJC_LITERAL_CONVERSION = YES;
				CLANG_WARN_OBJC_ROOT_CLASS = YES_ERROR;
				CLANG_WARN_QUOTED_INCLUDE_IN_FRAMEWORK_HEADER = YES;
				CLANG_WARN_RANGE_LOOP_ANALYSIS = YES;
				CLANG_WARN_STRICT_PROTOTYPES = YES;
				CLANG_WARN_SUSPICIOUS_MOVE = YES;
				CLANG_WARN_UNGUARDED_AVAILABILITY = YES_AGGRESSIVE;
				CLANG_WARN_UNREACHABLE_CODE = YES;
				CLANG_WARN__DUPLICATE_METHOD_MATCH = YES;
				COPY_PHASE_STRIP = NO;
				DEBUG_INFORMATION_FORMAT = dwarf;
				ENABLE_STRICT_OBJC_MSGSEND = YES;
				ENABLE_TESTABILITY = YES;
				GCC_C_LANGUAGE_STANDARD = gnu11;
				GCC_DYNAMIC_NO_PIC = NO;
				GCC_NO_COMMON_BLOCKS = YES;
				GCC_OPTIMIZATION_LEVEL = 0;
				GCC_PREPROCESSOR_DEFINITIONS = (
					"DEBUG=1",
					"$(inherited)",
				);
				GCC_WARN_64_TO_32_BIT_CONVERSION = YES;
				GCC_WARN_ABOUT_RETURN_TYPE = YES_ERROR;
				GCC_WARN_UNDECLARED_SELECTOR = YES;
				GCC_WARN_UNINITIALIZED_AUTOS = YES_AGGRESSIVE;
				GCC_WARN_UNUSED_FUNCTION = YES;
				GCC_WARN_UNUSED_VARIABLE = YES;
				IPHONEOS_DEPLOYMENT_TARGET = 15.2;
				MTL_ENABLE_DEBUG_INFO = INCLUDE_SOURCE;
				MTL_FAST_MATH = YES;
				ONLY_ACTIVE_ARCH = YES;
				SDKROOT = iphoneos;
				SWIFT_ACTIVE_COMPILATION_CONDITIONS = DEBUG;
				SWIFT_OPTIMIZATION_LEVEL = "-Onone";
			};
			name = Debug;
		};
		10CC207C27B01EBA003C83AE /* Release */ = {
			isa = XCBuildConfiguration;
			buildSettings = {
				ALWAYS_SEARCH_USER_PATHS = NO;
				CLANG_ANALYZER_NONNULL = YES;
				CLANG_ANALYZER_NUMBER_OBJECT_CONVERSION = YES_AGGRESSIVE;
				CLANG_CXX_LANGUAGE_STANDARD = "gnu++17";
				CLANG_CXX_LIBRARY = "libc++";
				CLANG_ENABLE_MODULES = YES;
				CLANG_ENABLE_OBJC_ARC = YES;
				CLANG_ENABLE_OBJC_WEAK = YES;
				CLANG_WARN_BLOCK_CAPTURE_AUTORELEASING = YES;
				CLANG_WARN_BOOL_CONVERSION = YES;
				CLANG_WARN_COMMA = YES;
				CLANG_WARN_CONSTANT_CONVERSION = YES;
				CLANG_WARN_DEPRECATED_OBJC_IMPLEMENTATIONS = YES;
				CLANG_WARN_DIRECT_OBJC_ISA_USAGE = YES_ERROR;
				CLANG_WARN_DOCUMENTATION_COMMENTS = YES;
				CLANG_WARN_EMPTY_BODY = YES;
				CLANG_WARN_ENUM_CONVERSION = YES;
				CLANG_WARN_INFINITE_RECURSION = YES;
				CLANG_WARN_INT_CONVERSION = YES;
				CLANG_WARN_NON_LITERAL_NULL_CONVERSION = YES;
				CLANG_WARN_OBJC_IMPLICIT_RETAIN_SELF = YES;
				CLANG_WARN_OBJC_LITERAL_CONVERSION = YES;
				CLANG_WARN_OBJC_ROOT_CLASS = YES_ERROR;
				CLANG_WARN_QUOTED_INCLUDE_IN_FRAMEWORK_HEADER = YES;
				CLANG_WARN_RANGE_LOOP_ANALYSIS = YES;
				CLANG_WARN_STRICT_PROTOTYPES = YES;
				CLANG_WARN_SUSPICIOUS_MOVE = YES;
				CLANG_WARN_UNGUARDED_AVAILABILITY = YES_AGGRESSIVE;
				CLANG_WARN_UNREACHABLE_CODE = YES;
				CLANG_WARN__DUPLICATE_METHOD_MATCH = YES;
				COPY_PHASE_STRIP = NO;
				DEBUG_INFORMATION_FORMAT = "dwarf-with-dsym";
				ENABLE_NS_ASSERTIONS = NO;
				ENABLE_STRICT_OBJC_MSGSEND = YES;
				GCC_C_LANGUAGE_STANDARD = gnu11;
				GCC_NO_COMMON_BLOCKS = YES;
				GCC_WARN_64_TO_32_BIT_CONVERSION = YES;
				GCC_WARN_ABOUT_RETURN_TYPE = YES_ERROR;
				GCC_WARN_UNDECLARED_SELECTOR = YES;
				GCC_WARN_UNINITIALIZED_AUTOS = YES_AGGRESSIVE;
				GCC_WARN_UNUSED_FUNCTION = YES;
				GCC_WARN_UNUSED_VARIABLE = YES;
				IPHONEOS_DEPLOYMENT_TARGET = 15.2;
				MTL_ENABLE_DEBUG_INFO = NO;
				MTL_FAST_MATH = YES;
				SDKROOT = iphoneos;
				SWIFT_COMPILATION_MODE = wholemodule;
				SWIFT_OPTIMIZATION_LEVEL = "-O";
				VALIDATE_PRODUCT = YES;
			};
			name = Release;
		};
		10CC207E27B01EBA003C83AE /* Debug */ = {
			isa = XCBuildConfiguration;
			baseConfigurationReference = 3E08073C26AD6F589FE77A46 /* Pods-COVID19.debug.xcconfig */;
			buildSettings = {
				ASSETCATALOG_COMPILER_APPICON_NAME = AppIcon;
				ASSETCATALOG_COMPILER_GLOBAL_ACCENT_COLOR_NAME = AccentColor;
				CODE_SIGN_STYLE = Automatic;
				CURRENT_PROJECT_VERSION = 1;
				DEVELOPMENT_TEAM = 3QV3QL2LC8;
				GENERATE_INFOPLIST_FILE = YES;
				INFOPLIST_FILE = COVID19/Info.plist;
				INFOPLIST_KEY_UIApplicationSupportsIndirectInputEvents = YES;
				INFOPLIST_KEY_UILaunchStoryboardName = LaunchScreen;
				INFOPLIST_KEY_UIMainStoryboardFile = Main;
				INFOPLIST_KEY_UISupportedInterfaceOrientations_iPad = "UIInterfaceOrientationPortrait UIInterfaceOrientationPortraitUpsideDown UIInterfaceOrientationLandscapeLeft UIInterfaceOrientationLandscapeRight";
				INFOPLIST_KEY_UISupportedInterfaceOrientations_iPhone = "UIInterfaceOrientationPortrait UIInterfaceOrientationLandscapeLeft UIInterfaceOrientationLandscapeRight";
				LD_RUNPATH_SEARCH_PATHS = (
					"$(inherited)",
					"@executable_path/Frameworks",
				);
				MARKETING_VERSION = 1.0;
				PRODUCT_BUNDLE_IDENTIFIER = kr.co.fastcampus.COVID19;
				PRODUCT_NAME = "$(TARGET_NAME)";
				SWIFT_EMIT_LOC_STRINGS = YES;
				SWIFT_VERSION = 5.0;
				TARGETED_DEVICE_FAMILY = "1,2";
			};
			name = Debug;
		};
		10CC207F27B01EBA003C83AE /* Release */ = {
			isa = XCBuildConfiguration;
			baseConfigurationReference = 6521C2600DE38E26C825E925 /* Pods-COVID19.release.xcconfig */;
			buildSettings = {
				ASSETCATALOG_COMPILER_APPICON_NAME = AppIcon;
				ASSETCATALOG_COMPILER_GLOBAL_ACCENT_COLOR_NAME = AccentColor;
				CODE_SIGN_STYLE = Automatic;
				CURRENT_PROJECT_VERSION = 1;
				DEVELOPMENT_TEAM = 3QV3QL2LC8;
				GENERATE_INFOPLIST_FILE = YES;
				INFOPLIST_FILE = COVID19/Info.plist;
				INFOPLIST_KEY_UIApplicationSupportsIndirectInputEvents = YES;
				INFOPLIST_KEY_UILaunchStoryboardName = LaunchScreen;
				INFOPLIST_KEY_UIMainStoryboardFile = Main;
				INFOPLIST_KEY_UISupportedInterfaceOrientations_iPad = "UIInterfaceOrientationPortrait UIInterfaceOrientationPortraitUpsideDown UIInterfaceOrientationLandscapeLeft UIInterfaceOrientationLandscapeRight";
				INFOPLIST_KEY_UISupportedInterfaceOrientations_iPhone = "UIInterfaceOrientationPortrait UIInterfaceOrientationLandscapeLeft UIInterfaceOrientationLandscapeRight";
				LD_RUNPATH_SEARCH_PATHS = (
					"$(inherited)",
					"@executable_path/Frameworks",
				);
				MARKETING_VERSION = 1.0;
				PRODUCT_BUNDLE_IDENTIFIER = kr.co.fastcampus.COVID19;
				PRODUCT_NAME = "$(TARGET_NAME)";
				SWIFT_EMIT_LOC_STRINGS = YES;
				SWIFT_VERSION = 5.0;
				TARGETED_DEVICE_FAMILY = "1,2";
			};
			name = Release;
		};
/* End XCBuildConfiguration section */

/* Begin XCConfigurationList section */
		10CC206427B01EB9003C83AE /* Build configuration list for PBXProject "COVID19" */ = {
			isa = XCConfigurationList;
			buildConfigurations = (
				10CC207B27B01EBA003C83AE /* Debug */,
				10CC207C27B01EBA003C83AE /* Release */,
			);
			defaultConfigurationIsVisible = 0;
			defaultConfigurationName = Release;
		};
		10CC207D27B01EBA003C83AE /* Build configuration list for PBXNativeTarget "COVID19" */ = {
			isa = XCConfigurationList;
			buildConfigurations = (
				10CC207E27B01EBA003C83AE /* Debug */,
				10CC207F27B01EBA003C83AE /* Release */,
			);
			defaultConfigurationIsVisible = 0;
			defaultConfigurationName = Release;
		};
/* End XCConfigurationList section */
	};
	rootObject = 10CC206127B01EB9003C83AE /* Project object */;
}
